
Microsoft Visual Studio Solution File, Format Version 12.00
# Visual Studio 15
VisualStudioVersion = 15.0.27703.2018
MinimumVisualStudioVersion = 10.0.40219.1
Project("{FAE04EC0-301F-11D3-BF4B-00C04F79EFBC}") = "PrsWithEf", "PrsWithEf\PrsWithEf.csproj", "{9C8CE447-961F-4014-AA8B-E1729A4324B2}"
EndProject
Project("{FAE04EC0-301F-11D3-BF4B-00C04F79EFBC}") = "PrsEf", "PrsEf\PrsEf.csproj", "{6841D3C2-182D-4358-A9BF-2006793C5C3A}"
EndProject
Global
	GlobalSection(SolutionConfigurationPlatforms) = preSolution
		Debug|Any CPU = Debug|Any CPU
		Release|Any CPU = Release|Any CPU
	EndGlobalSection
	GlobalSection(ProjectConfigurationPlatforms) = postSolution
		{9C8CE447-961F-4014-AA8B-E1729A4324B2}.Debug|Any CPU.ActiveCfg = Debug|Any CPU
		{9C8CE447-961F-4014-AA8B-E1729A4324B2}.Debug|Any CPU.Build.0 = Debug|Any CPU
		{9C8CE447-961F-4014-AA8B-E1729A4324B2}.Release|Any CPU.ActiveCfg = Release|Any CPU
		{9C8CE447-961F-4014-AA8B-E1729A4324B2}.Release|Any CPU.Build.0 = Release|Any CPU
		{6841D3C2-182D-4358-A9BF-2006793C5C3A}.Debug|Any CPU.ActiveCfg = Debug|Any CPU
		{6841D3C2-182D-4358-A9BF-2006793C5C3A}.Debug|Any CPU.Build.0 = Debug|Any CPU
		{6841D3C2-182D-4358-A9BF-2006793C5C3A}.Release|Any CPU.ActiveCfg = Release|Any CPU
		{6841D3C2-182D-4358-A9BF-2006793C5C3A}.Release|Any CPU.Build.0 = Release|Any CPU
	EndGlobalSection
	GlobalSection(SolutionProperties) = preSolution
		HideSolutionNode = FALSE
	EndGlobalSection
	GlobalSection(ExtensibilityGlobals) = postSolution
		SolutionGuid = {F84C3EDB-3C80-4A63-AE11-1C84E907D73F}
	EndGlobalSection
EndGlobal
